
Microsoft Visual Studio Solution File, Format Version 12.00
# Visual Studio Version 17
VisualStudioVersion = 17.11.35222.181
MinimumVisualStudioVersion = 10.0.40219.1
Project("{FAE04EC0-301F-11D3-BF4B-00C04F79EFBC}") = "AppCuentaBancaria3", "AppCuentaBancaria3\AppCuentaBancaria3.csproj", "{051DE256-9833-4A0A-8BB1-E0F298205FEB}"
EndProject
Global
	GlobalSection(SolutionConfigurationPlatforms) = preSolution
		Debug|Any CPU = Debug|Any CPU
		Release|Any CPU = Release|Any CPU
	EndGlobalSection
	GlobalSection(ProjectConfigurationPlatforms) = postSolution
		{051DE256-9833-4A0A-8BB1-E0F298205FEB}.Debug|Any CPU.ActiveCfg = Debug|Any CPU
		{051DE256-9833-4A0A-8BB1-E0F298205FEB}.Debug|Any CPU.Build.0 = Debug|Any CPU
		{051DE256-9833-4A0A-8BB1-E0F298205FEB}.Release|Any CPU.ActiveCfg = Release|Any CPU
		{051DE256-9833-4A0A-8BB1-E0F298205FEB}.Release|Any CPU.Build.0 = Release|Any CPU
	EndGlobalSection
	GlobalSection(SolutionProperties) = preSolution
		HideSolutionNode = FALSE
	EndGlobalSection
	GlobalSection(ExtensibilityGlobals) = postSolution
		SolutionGuid = {90477D02-37D6-4C48-98AB-AD8CECBF57E2}
	EndGlobalSection
EndGlobal
