
Microsoft Visual Studio Solution File, Format Version 12.00
# Visual Studio Version 17
VisualStudioVersion = 17.11.35222.181
MinimumVisualStudioVersion = 10.0.40219.1
Project("{FAE04EC0-301F-11D3-BF4B-00C04F79EFBC}") = "AppCuentaBancaria", "AppCuentaBancaria\AppCuentaBancaria.csproj", "{30BC9DC9-193B-4953-A10B-A18760BB41E6}"
EndProject
Global
	GlobalSection(SolutionConfigurationPlatforms) = preSolution
		Debug|Any CPU = Debug|Any CPU
		Release|Any CPU = Release|Any CPU
	EndGlobalSection
	GlobalSection(ProjectConfigurationPlatforms) = postSolution
		{30BC9DC9-193B-4953-A10B-A18760BB41E6}.Debug|Any CPU.ActiveCfg = Debug|Any CPU
		{30BC9DC9-193B-4953-A10B-A18760BB41E6}.Debug|Any CPU.Build.0 = Debug|Any CPU
		{30BC9DC9-193B-4953-A10B-A18760BB41E6}.Release|Any CPU.ActiveCfg = Release|Any CPU
		{30BC9DC9-193B-4953-A10B-A18760BB41E6}.Release|Any CPU.Build.0 = Release|Any CPU
	EndGlobalSection
	GlobalSection(SolutionProperties) = preSolution
		HideSolutionNode = FALSE
	EndGlobalSection
	GlobalSection(ExtensibilityGlobals) = postSolution
		SolutionGuid = {38B8BCA8-978A-49F4-8F6E-D191FBA8589C}
	EndGlobalSection
EndGlobal
